github.com/Takatochi/go-tee-lib v0.0.0-20250624155337-d4287c060d16 h1:H5UMVm8eroOXtE/5vjv5g8IwMrN/DmCk44A7hPznvFc=
github.com/Takatochi/go-tee-lib v0.0.0-20250624155337-d4287c060d16/go.mod h1:q3vqeZpGfgmAutzGV4ZT/tcpbRET8Y4SmZwwrdLptek=
github.com/Takatochi/go-tee-lib v1.0.0 h1:gdOP288HzrwDeLSg+i0/xLqRsp7STu/5YLztHvREIIw=
github.com/Takatochi/go-tee-lib v1.0.0/go.mod h1:q3vqeZpGfgmAutzGV4ZT/tcpbRET8Y4SmZwwrdLptek=
